PODS:
  - OpenSSL-Universal (3.1.5000)
  - Protobuf (3.26.1)
  - SSZipArchive (2.1.4)

DEPENDENCIES:
  - OpenSSL-Universal (from `https://github.com/LK1993/OpenSSL.git`)
  - Protobuf (~> 3.26.1)
  - SSZipArchive (~> 2.1.4)

SPEC REPOS:
  https://github.com/CocoaPods/Specs.git:
    - SSZipArchive
  trunk:
    - Protobuf

EXTERNAL SOURCES:
  OpenSSL-Universal:
    :git: https://github.com/LK1993/OpenSSL.git

CHECKOUT OPTIONS:
  OpenSSL-Universal:
    :commit: 75bb611517e5248f5e9dcbffdedf19590e537e8c
    :git: https://github.com/LK1993/OpenSSL.git

SPEC CHECKSUMS:
  OpenSSL-Universal: 5ce113ce8e7a6cf0305cc881f50022441dd8ff77
  Protobuf: a53f5173a603075b3522a5c50be63a67a5f3353a
  SSZipArchive: 41455d4b8d2b6ab93990820b50dc697c2554a322

PODFILE CHECKSUM: cde9ad8eddd9d513a97a65062e3b44bdd8cac9d1

COCOAPODS: 1.14.3
